
Microsoft Visual Studio Solution File, Format Version 12.00
# Visual Studio Version 17
VisualStudioVersion = 17.13.35806.99 d17.13
MinimumVisualStudioVersion = 10.0.40219.1
Project("{888888A0-9F3D-457C-B088-3A5042F75D52}") = "Kordused", "Kordused.pyproj", "{ACDCBCB6-CA87-45A3-A68E-C0B172815306}"
EndProject
Global
	GlobalSection(SolutionConfigurationPlatforms) = preSolution
		Debug|Any CPU = Debug|Any CPU
		Release|Any CPU = Release|Any CPU
	EndGlobalSection
	GlobalSection(ProjectConfigurationPlatforms) = postSolution
		{ACDCBCB6-CA87-45A3-A68E-C0B172815306}.Debug|Any CPU.ActiveCfg = Debug|Any CPU
		{ACDCBCB6-CA87-45A3-A68E-C0B172815306}.Release|Any CPU.ActiveCfg = Release|Any CPU
	EndGlobalSection
	GlobalSection(SolutionProperties) = preSolution
		HideSolutionNode = FALSE
	EndGlobalSection
	GlobalSection(ExtensibilityGlobals) = postSolution
		SolutionGuid = {3B6407D8-4C99-49B9-8CAD-48D85CE27FE9}
	EndGlobalSection
EndGlobal
